// !$*UTF8*$!
{
	archiveVersion = 1;
	classes = {
	};
	objectVersion = 50;
	objects = {

/* Begin PBXBuildFile section */
		557B6FAD26933ED900EBCB95 /* AppDelegate.swift in Sources */ = {isa = PBXBuildFile; fileRef = 557B6FAC26933ED900EBCB95 /* AppDelegate.swift */; };
		557B6FAF26933ED900EBCB95 /* SceneDelegate.swift in Sources */ = {isa = PBXBuildFile; fileRef = 557B6FAE26933ED900EBCB95 /* SceneDelegate.swift */; };
		557B6FB126933ED900EBCB95 /* ViewController.swift in Sources */ = {isa = PBXBuildFile; fileRef = 557B6FB026933ED900EBCB95 /* ViewController.swift */; };
		557B6FB426933ED900EBCB95 /* Main.storyboard in Resources */ = {isa = PBXBuildFile; fileRef = 557B6FB226933ED900EBCB95 /* Main.storyboard */; };
		557B6FB626933EDA00EBCB95 /* Assets.xcassets in Resources */ = {isa = PBXBuildFile; fileRef = 557B6FB526933EDA00EBCB95 /* Assets.xcassets */; };
		557B6FB926933EDA00EBCB95 /* LaunchScreen.storyboard in Resources */ = {isa = PBXBuildFile; fileRef = 557B6FB726933EDA00EBCB95 /* LaunchScreen.storyboard */; };
/* End PBXBuildFile section */

/* Begin PBXFileReference section */
		557B6FA926933ED900EBCB95 /* ChartDrawingDemo.app */ = {isa = PBXFileReference; explicitFileType = wrapper.application; includeInIndex = 0; path = ChartDrawingDemo.app; sourceTree = BUILT_PRODUCTS_DIR; };
		557B6FAC26933ED900EBCB95 /* AppDelegate.swift */ = {isa = PBXFileReference; lastKnownFileType = sourcecode.swift; path = AppDelegate.swift; sourceTree = "<group>"; };
		557B6FAE26933ED900EBCB95 /* SceneDelegate.swift */ = {isa = PBXFileReference; lastKnownFileType = sourcecode.swift; path = SceneDelegate.swift; sourceTree = "<group>"; };
		557B6FB026933ED900EBCB95 /* ViewController.swift */ = {isa = PBXFileReference; lastKnownFileType = sourcecode.swift; path = ViewController.swift; sourceTree = "<group>"; };
		557B6FB326933ED900EBCB95 /* Base */ = {isa = PBXFileReference; lastKnownFileType = file.storyboard; name = Base; path = Base.lproj/Main.storyboard; sourceTree = "<group>"; };
		557B6FB526933EDA00EBCB95 /* Assets.xcassets */ = {isa = PBXFileReference; lastKnownFileType = folder.assetcatalog; path = Assets.xcassets; sourceTree = "<group>"; };
		557B6FB826933EDA00EBCB95 /* Base */ = {isa = PBXFileReference; lastKnownFileType = file.storyboard; name = Base; path = Base.lproj/LaunchScreen.storyboard; sourceTree = "<group>"; };
		557B6FBA26933EDA00EBCB95 /* Info.plist */ = {isa = PBXFileReference; lastKnownFileType = text.plist.xml; path = Info.plist; sourceTree = "<group>"; };
/* End PBXFileReference section */

/* Begin PBXFrameworksBuildPhase section */
		557B6FA626933ED900EBCB95 /* Frameworks */ = {
			isa = PBXFrameworksBuildPhase;
			buildActionMask = 2147483647;
			files = (
			);
			runOnlyForDeploymentPostprocessing = 0;
		};
/* End PBXFrameworksBuildPhase section */

/* Begin PBXGroup section */
		557B6FA026933ED900EBCB95 = {
			isa = PBXGroup;
			children = (
				557B6FAB26933ED900EBCB95 /* ChartDrawingDemo */,
				557B6FAA26933ED900EBCB95 /* Products */,
			);
			sourceTree = "<group>";
		};
		557B6FAA26933ED900EBCB95 /* Products */ = {
			isa = PBXGroup;
			children = (
				557B6FA926933ED900EBCB95 /* ChartDrawingDemo.app */,
			);
			name = Products;
			sourceTree = "<group>";
		};
		557B6FAB26933ED900EBCB95 /* ChartDrawingDemo */ = {
			isa = PBXGroup;
			children = (
				557B6FAC26933ED900EBCB95 /* AppDelegate.swift */,
				557B6FAE26933ED900EBCB95 /* SceneDelegate.swift */,
				557B6FB026933ED900EBCB95 /* ViewController.swift */,
				557B6FB226933ED900EBCB95 /* Main.storyboard */,
				557B6FB526933EDA00EBCB95 /* Assets.xcassets */,
				557B6FB726933EDA00EBCB95 /* LaunchScreen.storyboard */,
				557B6FBA26933EDA00EBCB95 /* Info.plist */,
			);
			path = ChartDrawingDemo;
			sourceTree = "<group>";
		};
/* End PBXGroup section */

/* Begin PBXNativeTarget section */
		557B6FA826933ED900EBCB95 /* ChartDrawingDemo */ = {
			isa = PBXNativeTarget;
			buildConfigurationList = 557B6FBD26933EDA00EBCB95 /* Build configuration list for PBXNativeTarget "ChartDrawingDemo" */;
			buildPhases = (
				557B6FA526933ED900EBCB95 /* Sources */,
				557B6FA626933ED900EBCB95 /* Frameworks */,
				557B6FA726933ED900EBCB95 /* Resources */,
			);
			buildRules = (
			);
			dependencies = (
			);
			name = ChartDrawingDemo;
			productName = ChartDrawingDemo;
			productReference = 557B6FA926933ED900EBCB95 /* ChartDrawingDemo.app */;
			productType = "com.apple.product-type.application";
		};
/* End PBXNativeTarget section */

/* Begin PBXProject section */
		557B6FA126933ED900EBCB95 /* Project object */ = {
			isa = PBXProject;
			attributes = {
				LastSwiftUpdateCheck = 1220;
				LastUpgradeCheck = 1220;
				TargetAttributes = {
					557B6FA826933ED900EBCB95 = {
						CreatedOnToolsVersion = 12.2;
					};
				};
			};
			buildConfigurationList = 557B6FA426933ED900EBCB95 /* Build configuration list for PBXProject "ChartDrawingDemo" */;
			compatibilityVersion = "Xcode 9.3";
			developmentRegion = en;
			hasScannedForEncodings = 0;
			knownRegions = (
				en,
				Base,
			);
			mainGroup = 557B6FA026933ED900EBCB95;
			productRefGroup = 557B6FAA26933ED900EBCB95 /* Products */;
			projectDirPath = "";
			projectRoot = "";
			targets = (
				557B6FA826933ED900EBCB95 /* ChartDrawingDemo */,
			);
		};
/* End PBXProject section */

/* Begin PBXResourcesBuildPhase section */
		557B6FA726933ED900EBCB95 /* Resources */ = {
			isa = PBXResourcesBuildPhase;
			buildActionMask = 2147483647;
			files = (
				557B6FB926933EDA00EBCB95 /* LaunchScreen.storyboard in Resources */,
				557B6FB626933EDA00EBCB95 /* Assets.xcassets in Resources */,
				557B6FB426933ED900EBCB95 /* Main.storyboard in Resources */,
			);
			runOnlyForDeploymentPostprocessing = 0;
		};
/* End PBXResourcesBuildPhase section */

/* Begin PBXSourcesBuildPhase section */
		557B6FA526933ED900EBCB95 /* Sources */ = {
			isa = PBXSourcesBuildPhase;
			buildActionMask = 2147483647;
			files = (
				557B6FB126933ED900EBCB95 /* ViewController.swift in Sources */,
				557B6FAD26933ED900EBCB95 /* AppDelegate.swift in Sources */,
				557B6FAF26933ED900EBCB95 /* SceneDelegate.swift in Sources */,
			);
			runOnlyForDeploymentPostprocessing = 0;
		};
/* End PBXSourcesBuildPhase section */

/* Begin PBXVariantGroup section */
		557B6FB226933ED900EBCB95 /* Main.storyboard */ = {
			isa = PBXVariantGroup;
			children = (
				557B6FB326933ED900EBCB95 /* Base */,
			);
			name = Main.storyboard;
			sourceTree = "<group>";
		};
		557B6FB726933EDA00EBCB95 /* LaunchScreen.storyboard */ = {
			isa = PBXVariantGroup;
			children = (
				557B6FB826933EDA00EBCB95 /* Base */,
			);
			name = LaunchScreen.storyboard;
			sourceTree = "<group>";
		};
/* End PBXVariantGroup section */

/* Begin XCBuildConfiguration section */
		557B6FBB26933EDA00EBCB95 /* Debug */ = {
			isa = XCBuildConfiguration;
			buildSettings = {
				ALWAYS_SEARCH_USER_PATHS = NO;
				CLANG_ANALYZER_NONNULL = YES;
				CLANG_ANALYZER_NUMBER_OBJECT_CONVERSION = YES_AGGRESSIVE;
				CLANG_CXX_LANGUAGE_STANDARD = "gnu++14";
				CLANG_CXX_LIBRARY = "libc++";
				CLANG_ENABLE_MODULES = YES;
				CLANG_ENABLE_OBJC_ARC = YES;
				CLANG_ENABLE_OBJC_WEAK = YES;
				CLANG_WARN_BLOCK_CAPTURE_AUTORELEASING = YES;
				CLANG_WARN_BOOL_CONVERSION = YES;
				CLANG_WARN_COMMA = YES;
				CLANG_WARN_CONSTANT_CONVERSION = YES;
				CLANG_WARN_DEPRECATED_OBJC_IMPLEMENTATIONS = YES;
				CLANG_WARN_DIRECT_OBJC_ISA_USAGE = YES_ERROR;
				CLANG_WARN_DOCUMENTATION_COMMENTS = YES;
				CLANG_WARN_EMPTY_BODY = YES;
				CLANG_WARN_ENUM_CONVERSION = YES;
				CLANG_WARN_INFINITE_RECURSION = YES;
				CLANG_WARN_INT_CONVERSION = YES;
				CLANG_WARN_NON_LITERAL_NULL_CONVERSION = YES;
				CLANG_WARN_OBJC_IMPLICIT_RETAIN_SELF = YES;
				CLANG_WARN_OBJC_LITERAL_CONVERSION = YES;
				CLANG_WARN_OBJC_ROOT_CLASS = YES_ERROR;
				CLANG_WARN_QUOTED_INCLUDE_IN_FRAMEWORK_HEADER = YES;
				CLANG_WARN_RANGE_LOOP_ANALYSIS = YES;
				CLANG_WARN_STRICT_PROTOTYPES = YES;
				CLANG_WARN_SUSPICIOUS_MOVE = YES;
				CLANG_WARN_UNGUARDED_AVAILABILITY = YES_AGGRESSIVE;
				CLANG_WARN_UNREACHABLE_CODE = YES;
				CLANG_WARN__DUPLICATE_METHOD_MATCH = YES;
				COPY_PHASE_STRIP = NO;
				DEBUG_INFORMATION_FORMAT = dwarf;
				ENABLE_STRICT_OBJC_MSGSEND = YES;
				ENABLE_TESTABILITY = YES;
				GCC_C_LANGUAGE_STANDARD = gnu11;
				GCC_DYNAMIC_NO_PIC = NO;
				GCC_NO_COMMON_BLOCKS = YES;
				GCC_OPTIMIZATION_LEVEL = 0;
				GCC_PREPROCESSOR_DEFINITIONS = (
					"DEBUG=1",
					"$(inherited)",
				);
				GCC_WARN_64_TO_32_BIT_CONVERSION = YES;
				GCC_WARN_ABOUT_RETURN_TYPE = YES_ERROR;
				GCC_WARN_UNDECLARED_SELECTOR = YES;
				GCC_WARN_UNINITIALIZED_AUTOS = YES_AGGRESSIVE;
				GCC_WARN_UNUSED_FUNCTION = YES;
				GCC_WARN_UNUSED_VARIABLE = YES;
				IPHONEOS_DEPLOYMENT_TARGET = 14.2;
				MTL_ENABLE_DEBUG_INFO = INCLUDE_SOURCE;
				MTL_FAST_MATH = YES;
				ONLY_ACTIVE_ARCH = YES;
				SDKROOT = iphoneos;
				SWIFT_ACTIVE_COMPILATION_CONDITIONS = DEBUG;
				SWIFT_OPTIMIZATION_LEVEL = "-Onone";
			};
			name = Debug;
		};
		557B6FBC26933EDA00EBCB95 /* Release */ = {
			isa = XCBuildConfiguration;
			buildSettings = {
				ALWAYS_SEARCH_USER_PATHS = NO;
				CLANG_ANALYZER_NONNULL = YES;
				CLANG_ANALYZER_NUMBER_OBJECT_CONVERSION = YES_AGGRESSIVE;
				CLANG_CXX_LANGUAGE_STANDARD = "gnu++14";
				CLANG_CXX_LIBRARY = "libc++";
				CLANG_ENABLE_MODULES = YES;
				CLANG_ENABLE_OBJC_ARC = YES;
				CLANG_ENABLE_OBJC_WEAK = YES;
				CLANG_WARN_BLOCK_CAPTURE_AUTORELEASING = YES;
				CLANG_WARN_BOOL_CONVERSION = YES;
				CLANG_WARN_COMMA = YES;
				CLANG_WARN_CONSTANT_CONVERSION = YES;
				CLANG_WARN_DEPRECATED_OBJC_IMPLEMENTATIONS = YES;
				CLANG_WARN_DIRECT_OBJC_ISA_USAGE = YES_ERROR;
				CLANG_WARN_DOCUMENTATION_COMMENTS = YES;
				CLANG_WARN_EMPTY_BODY = YES;
				CLANG_WARN_ENUM_CONVERSION = YES;
				CLANG_WARN_INFINITE_RECURSION = YES;
				CLANG_WARN_INT_CONVERSION = YES;
				CLANG_WARN_NON_LITERAL_NULL_CONVERSION = YES;
				CLANG_WARN_OBJC_IMPLICIT_RETAIN_SELF = YES;
				CLANG_WARN_OBJC_LITERAL_CONVERSION = YES;
				CLANG_WARN_OBJC_ROOT_CLASS = YES_ERROR;
				CLANG_WARN_QUOTED_INCLUDE_IN_FRAMEWORK_HEADER = YES;
				CLANG_WARN_RANGE_LOOP_ANALYSIS = YES;
				CLANG_WARN_STRICT_PROTOTYPES = YES;
				CLANG_WARN_SUSPICIOUS_MOVE = YES;
				CLANG_WARN_UNGUARDED_AVAILABILITY = YES_AGGRESSIVE;
				CLANG_WARN_UNREACHABLE_CODE = YES;
				CLANG_WARN__DUPLICATE_METHOD_MATCH = YES;
				COPY_PHASE_STRIP = NO;
				DEBUG_INFORMATION_FORMAT = "dwarf-with-dsym";
				ENABLE_NS_ASSERTIONS = NO;
				ENABLE_STRICT_OBJC_MSGSEND = YES;
				GCC_C_LANGUAGE_STANDARD = gnu11;
				GCC_NO_COMMON_BLOCKS = YES;
				GCC_WARN_64_TO_32_BIT_CONVERSION = YES;
				GCC_WARN_ABOUT_RETURN_TYPE = YES_ERROR;
				GCC_WARN_UNDECLARED_SELECTOR = YES;
				GCC_WARN_UNINITIALIZED_AUTOS = YES_AGGRESSIVE;
				GCC_WARN_UNUSED_FUNCTION = YES;
				GCC_WARN_UNUSED_VARIABLE = YES;
				IPHONEOS_DEPLOYMENT_TARGET = 14.2;
				MTL_ENABLE_DEBUG_INFO = NO;
				MTL_FAST_MATH = YES;
				SDKROOT = iphoneos;
				SWIFT_COMPILATION_MODE = wholemodule;
				SWIFT_OPTIMIZATION_LEVEL = "-O";
				VALIDATE_PRODUCT = YES;
			};
			name = Release;
		};
		557B6FBE26933EDA00EBCB95 /* Debug */ = {
			isa = XCBuildConfiguration;
			buildSettings = {
				ASSETCATALOG_COMPILER_APPICON_NAME = AppIcon;
				ASSETCATALOG_COMPILER_GLOBAL_ACCENT_COLOR_NAME = AccentColor;
				CODE_SIGN_STYLE = Automatic;
				INFOPLIST_FILE = ChartDrawingDemo/Info.plist;
				LD_RUNPATH_SEARCH_PATHS = (
					"$(inherited)",
					"@executable_path/Frameworks",
				);
				PRODUCT_BUNDLE_IDENTIFIER = Angelbroking.ChartDrawingDemo;
				PRODUCT_NAME = "$(TARGET_NAME)";
				SWIFT_VERSION = 5.0;
				TARGETED_DEVICE_FAMILY = "1,2";
			};
			name = Debug;
		};
		557B6FBF26933EDA00EBCB95 /* Release */ = {
			isa = XCBuildConfiguration;
			buildSettings = {
				ASSETCATALOG_COMPILER_APPICON_NAME = AppIcon;
				ASSETCATALOG_COMPILER_GLOBAL_ACCENT_COLOR_NAME = AccentColor;
				CODE_SIGN_STYLE = Automatic;
				INFOPLIST_FILE = ChartDrawingDemo/Info.plist;
				LD_RUNPATH_SEARCH_PATHS = (
					"$(inherited)",
					"@executable_path/Frameworks",
				);
				PRODUCT_BUNDLE_IDENTIFIER = Angelbroking.ChartDrawingDemo;
				PRODUCT_NAME = "$(TARGET_NAME)";
				SWIFT_VERSION = 5.0;
				TARGETED_DEVICE_FAMILY = "1,2";
			};
			name = Release;
		};
/* End XCBuildConfiguration section */

/* Begin XCConfigurationList section */
		557B6FA426933ED900EBCB95 /* Build configuration list for PBXProject "ChartDrawingDemo" */ = {
			isa = XCConfigurationList;
			buildConfigurations = (
				557B6FBB26933EDA00EBCB95 /* Debug */,
				557B6FBC26933EDA00EBCB95 /* Release */,
			);
			defaultConfigurationIsVisible = 0;
			defaultConfigurationName = Release;
		};
		557B6FBD26933EDA00EBCB95 /* Build configuration list for PBXNativeTarget "ChartDrawingDemo" */ = {
			isa = XCConfigurationList;
			buildConfigurations = (
				557B6FBE26933EDA00EBCB95 /* Debug */,
				557B6FBF26933EDA00EBCB95 /* Release */,
			);
			defaultConfigurationIsVisible = 0;
			defaultConfigurationName = Release;
		};
/* End XCConfigurationList section */
	};
	rootObject = 557B6FA126933ED900EBCB95 /* Project object */;
}
